
Microsoft Visual Studio Solution File, Format Version 12.00
# Visual Studio 2012
Project("{FAE04EC0-301F-11D3-BF4B-00C04F79EFBC}") = "WpfStandaloneApplication", "WpfStandaloneApplication\WpfStandaloneApplication.csproj", "{208E6626-79C5-4902-82AC-C9C96A6E21EE}"
EndProject
Global
	GlobalSection(SubversionScc) = preSolution
		Svn-Managed = True
		Manager = AnkhSVN - Subversion Support for Visual Studio
	EndGlobalSection
	GlobalSection(SolutionConfigurationPlatforms) = preSolution
		Debug|Any CPU = Debug|Any CPU
		Release|Any CPU = Release|Any CPU
	EndGlobalSection
	GlobalSection(ProjectConfigurationPlatforms) = postSolution
		{208E6626-79C5-4902-82AC-C9C96A6E21EE}.Debug|Any CPU.ActiveCfg = Debug|Any CPU
		{208E6626-79C5-4902-82AC-C9C96A6E21EE}.Debug|Any CPU.Build.0 = Debug|Any CPU
		{208E6626-79C5-4902-82AC-C9C96A6E21EE}.Release|Any CPU.ActiveCfg = Release|Any CPU
		{208E6626-79C5-4902-82AC-C9C96A6E21EE}.Release|Any CPU.Build.0 = Release|Any CPU
	EndGlobalSection
	GlobalSection(SolutionProperties) = preSolution
		HideSolutionNode = FALSE
	EndGlobalSection
EndGlobal
